
Microsoft Visual Studio Solution File, Format Version 12.00
# Visual Studio Version 17
VisualStudioVersion = 17.6.33801.468
MinimumVisualStudioVersion = 10.0.40219.1
Project("{FAE04EC0-301F-11D3-BF4B-00C04F79EFBC}") = "Snake Game WPF", "Snake Game WPF.csproj", "{A0DF5860-22D4-452F-90F1-E5CF4B2E6EC2}"
EndProject
Global
	GlobalSection(SolutionConfigurationPlatforms) = preSolution
		Debug|Any CPU = Debug|Any CPU
		Release|Any CPU = Release|Any CPU
	EndGlobalSection
	GlobalSection(ProjectConfigurationPlatforms) = postSolution
		{A0DF5860-22D4-452F-90F1-E5CF4B2E6EC2}.Debug|Any CPU.ActiveCfg = Debug|Any CPU
		{A0DF5860-22D4-452F-90F1-E5CF4B2E6EC2}.Debug|Any CPU.Build.0 = Debug|Any CPU
		{A0DF5860-22D4-452F-90F1-E5CF4B2E6EC2}.Release|Any CPU.ActiveCfg = Release|Any CPU
		{A0DF5860-22D4-452F-90F1-E5CF4B2E6EC2}.Release|Any CPU.Build.0 = Release|Any CPU
	EndGlobalSection
	GlobalSection(SolutionProperties) = preSolution
		HideSolutionNode = FALSE
	EndGlobalSection
	GlobalSection(ExtensibilityGlobals) = postSolution
		SolutionGuid = {0AED692C-691F-4BE2-ADF4-FCDCEA9FC84D}
	EndGlobalSection
EndGlobal
